
Microsoft Visual Studio Solution File, Format Version 12.00
# Visual Studio Version 16
VisualStudioVersion = 16.0.31515.178
MinimumVisualStudioVersion = 10.0.40219.1
Project("{FAE04EC0-301F-11D3-BF4B-00C04F79EFBC}") = "ConfuserMathRemover", "ConsoleApp1\ConfuserMathRemover.csproj", "{BEE945A1-4044-4851-B195-42994C891A2C}"
EndProject
Global
	GlobalSection(SolutionConfigurationPlatforms) = preSolution
		Debug|Any CPU = Debug|Any CPU
		Release|Any CPU = Release|Any CPU
	EndGlobalSection
	GlobalSection(ProjectConfigurationPlatforms) = postSolution
		{BEE945A1-4044-4851-B195-42994C891A2C}.Debug|Any CPU.ActiveCfg = Debug|Any CPU
		{BEE945A1-4044-4851-B195-42994C891A2C}.Debug|Any CPU.Build.0 = Debug|Any CPU
		{BEE945A1-4044-4851-B195-42994C891A2C}.Release|Any CPU.ActiveCfg = Release|Any CPU
		{BEE945A1-4044-4851-B195-42994C891A2C}.Release|Any CPU.Build.0 = Release|Any CPU
	EndGlobalSection
	GlobalSection(SolutionProperties) = preSolution
		HideSolutionNode = FALSE
	EndGlobalSection
	GlobalSection(ExtensibilityGlobals) = postSolution
		SolutionGuid = {6C44CF91-61A9-4E98-8A48-DE870B7CDF22}
	EndGlobalSection
EndGlobal
